<?xml version="1.0" encoding="utf-8"?>
<Project ToolsVersion="4.0" xmlns="http://schemas.microsoft.com/developer/msbuild/2003">
  <ItemGroup>
    <Filter Include="Source Files">
      <UniqueIdentifier>{4FC737F1-C7A5-4376-A066-2A32D752A2FF}</UniqueIdentifier>
      <Extensions>cpp;c;cc;cxx;def;odl;idl;hpj;bat;asm;asmx</Extensions>
    </Filter>
    <Filter Include="Header Files">
      <UniqueIdentifier>{93995380-89BD-4b04-88EB-625FBE52EBFB}</UniqueIdentifier>
      <Extensions>h;hh;hpp;hxx;hm;inl;inc;xsd</Extensions>
    </Filter>
    <Filter Include="Resource Files">
      <UniqueIdentifier>{67DA6AB6-F800-4c08-8B7A-83BB121AAD01}</UniqueIdentifier>
      <Extensions>rc;ico;cur;bmp;dlg;rc2;rct;bin;rgs;gif;jpg;jpeg;jpe;resx;tiff;tif;png;wav;mfcribbon-ms</Extensions>
    </Filter>
  </ItemGroup>
  <ItemGroup>
    <ClInclude Include="game.h">
      <Filter>Header Files</Filter>
    </ClInclude>
    <ClInclude Include="core_engine.h">
      <Filter>Header Files</Filter>
    </ClInclude>
    <ClInclude Include="render_window.h">
      <Filter>Header Files</Filter>
    </ClInclude>
    <ClInclude Include="glfw_engine.h">
      <Filter>Header Files</Filter>
    </ClInclude>
    <ClInclude Include="input_manager.h">
      <Filter>Header Files</Filter>
    </ClInclude>
    <ClInclude Include="entity.h">
      <Filter>Header Files</Filter>
    </ClInclude>
    <ClInclude Include="math\math_util.h">
      <Filter>Header Files</Filter>
    </ClInclude>
    <ClInclude Include="math\matrix_util.h">
      <Filter>Header Files</Filter>
    </ClInclude>
    <ClInclude Include="math\matrix4.h">
      <Filter>Header Files</Filter>
    </ClInclude>
    <ClInclude Include="math\quaternion.h">
      <Filter>Header Files</Filter>
    </ClInclude>
    <ClInclude Include="math\transform.h">
      <Filter>Header Files</Filter>
    </ClInclude>
    <ClInclude Include="math\vector2.h">
      <Filter>Header Files</Filter>
    </ClInclude>
    <ClInclude Include="math\vector3.h">
      <Filter>Header Files</Filter>
    </ClInclude>
    <ClInclude Include="math\vector4.h">
      <Filter>Header Files</Filter>
    </ClInclude>
    <ClInclude Include="control.h">
      <Filter>Header Files</Filter>
    </ClInclude>
    <ClInclude Include="rendering\mesh.h">
      <Filter>Header Files</Filter>
    </ClInclude>
    <ClInclude Include="rendering\renderable.h">
      <Filter>Header Files</Filter>
    </ClInclude>
    <ClInclude Include="rendering\vertex.h">
      <Filter>Header Files</Filter>
    </ClInclude>
    <ClInclude Include="rendering\renderer.h">
      <Filter>Header Files</Filter>
    </ClInclude>
    <ClInclude Include="rendering\shader.h">
      <Filter>Header Files</Filter>
    </ClInclude>
    <ClInclude Include="rendering\camera\camera.h">
      <Filter>Header Files</Filter>
    </ClInclude>
    <ClInclude Include="rendering\camera\perspective_camera.h">
      <Filter>Header Files</Filter>
    </ClInclude>
    <ClInclude Include="rendering\camera\fps_camera.h">
      <Filter>Header Files</Filter>
    </ClInclude>
    <ClInclude Include="asset\asset_loader.h">
      <Filter>Header Files</Filter>
    </ClInclude>
    <ClInclude Include="util\shader_preprocessor.h">
      <Filter>Header Files</Filter>
    </ClInclude>
    <ClInclude Include="util\string_util.h">
      <Filter>Header Files</Filter>
    </ClInclude>
    <ClInclude Include="asset\loadable.h">
      <Filter>Header Files</Filter>
    </ClInclude>
    <ClInclude Include="asset\asset_manager.h">
      <Filter>Header Files</Filter>
    </ClInclude>
    <ClInclude Include="asset\text_loader.h">
      <Filter>Header Files</Filter>
    </ClInclude>
    <ClInclude Include="asset\objloader\obj_loader.h">
      <Filter>Header Files</Filter>
    </ClInclude>
    <ClInclude Include="rendering\material.h">
      <Filter>Header Files</Filter>
    </ClInclude>
    <ClInclude Include="rendering\texture.h">
      <Filter>Header Files</Filter>
    </ClInclude>
    <ClInclude Include="util\img\stb_image.h">
      <Filter>Header Files</Filter>
    </ClInclude>
    <ClInclude Include="asset\texture_loader.h">
      <Filter>Header Files</Filter>
    </ClInclude>
    <ClInclude Include="rendering\texture_2D.h">
      <Filter>Header Files</Filter>
    </ClInclude>
    <ClInclude Include="audio\audio_manager.h">
      <Filter>Header Files</Filter>
    </ClInclude>
    <ClInclude Include="audio\wav_loader.h">
      <Filter>Header Files</Filter>
    </ClInclude>
    <ClInclude Include="audio\audio_source.h">
      <Filter>Header Files</Filter>
    </ClInclude>
    <ClInclude Include="audio\audio_control.h">
      <Filter>Header Files</Filter>
    </ClInclude>
    <ClInclude Include="rendering\camera\ortho_camera.h">
      <Filter>Header Files</Filter>
    </ClInclude>
    <ClInclude Include="rendering\framebuffer.h">
      <Filter>Header Files</Filter>
    </ClInclude>
    <ClInclude Include="util\xml\sax_parser.h">
      <Filter>Header Files</Filter>
    </ClInclude>
    <ClInclude Include="asset\apxloader\apx_loader.h">
      <Filter>Header Files</Filter>
    </ClInclude>
    <ClInclude Include="animation\animation.h">
      <Filter>Header Files</Filter>
    </ClInclude>
    <ClInclude Include="animation\animation_track.h">
      <Filter>Header Files</Filter>
    </ClInclude>
    <ClInclude Include="animation\bone.h">
      <Filter>Header Files</Filter>
    </ClInclude>
    <ClInclude Include="animation\keyframe.h">
      <Filter>Header Files</Filter>
    </ClInclude>
    <ClInclude Include="asset\byte_reader.h">
      <Filter>Header Files</Filter>
    </ClInclude>
    <ClInclude Include="asset\ogreloader\ogre_loader.h">
      <Filter>Header Files</Filter>
    </ClInclude>
    <ClInclude Include="asset\ogreloader\ogre_skeleton_loader.h">
      <Filter>Header Files</Filter>
    </ClInclude>
    <ClInclude Include="animation\skeleton.h">
      <Filter>Header Files</Filter>
    </ClInclude>
    <ClInclude Include="rendering\shader_manager.h">
      <Filter>Header Files</Filter>
    </ClInclude>
    <ClInclude Include="rendering\shaders\lighting_shader.h">
      <Filter>Header Files</Filter>
    </ClInclude>
    <ClInclude Include="animation\skeleton_control.h">
      <Filter>Header Files</Filter>
    </ClInclude>
    <ClInclude Include="math\bounding_box.h">
      <Filter>Header Files</Filter>
    </ClInclude>
    <ClInclude Include="rendering\shadow\shadow_mapping.h">
      <Filter>Header Files</Filter>
    </ClInclude>
    <ClInclude Include="rendering\environment.h">
      <Filter>Header Files</Filter>
    </ClInclude>
    <ClInclude Include="rendering\skydome\skydome.h">
      <Filter>Header Files</Filter>
    </ClInclude>
    <ClInclude Include="rendering\skydome\skydome_shader.h">
      <Filter>Header Files</Filter>
    </ClInclude>
    <ClInclude Include="rendering\lightsource.h">
      <Filter>Header Files</Filter>
    </ClInclude>
    <ClInclude Include="rendering\lights\directional_light.h">
      <Filter>Header Files</Filter>
    </ClInclude>
    <ClInclude Include="util\mesh_factory.h">
      <Filter>Header Files</Filter>
    </ClInclude>
    <ClInclude Include="rendering\skydome\clouds_shader.h">
      <Filter>Header Files</Filter>
    </ClInclude>
    <ClInclude Include="rendering\shaders\post_shader.h">
      <Filter>Header Files</Filter>
    </ClInclude>
    <ClInclude Include="math\frustum.h">
      <Filter>Header Files</Filter>
    </ClInclude>
    <ClInclude Include="rendering\shaders\post\gamma_correct.h">
      <Filter>Header Files</Filter>
    </ClInclude>
    <ClInclude Include="rendering\shadow\pssm_shadow_mapping.h">
      <Filter>Header Files</Filter>
    </ClInclude>
  </ItemGroup>
  <ItemGroup>
    <ClCompile Include="main.cpp">
      <Filter>Source Files</Filter>
    </ClCompile>
    <ClCompile Include="game.cpp">
      <Filter>Source Files</Filter>
    </ClCompile>
    <ClCompile Include="glfw_engine.cpp">
      <Filter>Source Files</Filter>
    </ClCompile>
    <ClCompile Include="input_manager.cpp">
      <Filter>Source Files</Filter>
    </ClCompile>
    <ClCompile Include="math\math_util.cpp">
      <Filter>Source Files</Filter>
    </ClCompile>
    <ClCompile Include="math\matrix_util.cpp">
      <Filter>Source Files</Filter>
    </ClCompile>
    <ClCompile Include="math\matrix4.cpp">
      <Filter>Source Files</Filter>
    </ClCompile>
    <ClCompile Include="math\quaternion.cpp">
      <Filter>Source Files</Filter>
    </ClCompile>
    <ClCompile Include="math\transform.cpp">
      <Filter>Source Files</Filter>
    </ClCompile>
    <ClCompile Include="math\vector2.cpp">
      <Filter>Source Files</Filter>
    </ClCompile>
    <ClCompile Include="math\vector3.cpp">
      <Filter>Source Files</Filter>
    </ClCompile>
    <ClCompile Include="math\vector4.cpp">
      <Filter>Source Files</Filter>
    </ClCompile>
    <ClCompile Include="rendering\mesh.cpp">
      <Filter>Source Files</Filter>
    </ClCompile>
    <ClCompile Include="rendering\renderer.cpp">
      <Filter>Source Files</Filter>
    </ClCompile>
    <ClCompile Include="rendering\shader.cpp">
      <Filter>Source Files</Filter>
    </ClCompile>
    <ClCompile Include="rendering\renderable.cpp">
      <Filter>Source Files</Filter>
    </ClCompile>
    <ClCompile Include="rendering\camera\camera.cpp">
      <Filter>Source Files</Filter>
    </ClCompile>
    <ClCompile Include="rendering\camera\perspective_camera.cpp">
      <Filter>Source Files</Filter>
    </ClCompile>
    <ClCompile Include="rendering\camera\fps_camera.cpp">
      <Filter>Source Files</Filter>
    </ClCompile>
    <ClCompile Include="core_engine.cpp">
      <Filter>Source Files</Filter>
    </ClCompile>
    <ClCompile Include="entity.cpp">
      <Filter>Source Files</Filter>
    </ClCompile>
    <ClCompile Include="util\shader_preprocessor.cpp">
      <Filter>Source Files</Filter>
    </ClCompile>
    <ClCompile Include="asset\asset_manager.cpp">
      <Filter>Source Files</Filter>
    </ClCompile>
    <ClCompile Include="asset\text_loader.cpp">
      <Filter>Source Files</Filter>
    </ClCompile>
    <ClCompile Include="asset\objloader\obj_loader.cpp">
      <Filter>Source Files</Filter>
    </ClCompile>
    <ClCompile Include="rendering\material.cpp">
      <Filter>Source Files</Filter>
    </ClCompile>
    <ClCompile Include="rendering\texture.cpp">
      <Filter>Source Files</Filter>
    </ClCompile>
    <ClCompile Include="asset\texture_loader.cpp">
      <Filter>Source Files</Filter>
    </ClCompile>
    <ClCompile Include="rendering\texture_2D.cpp">
      <Filter>Source Files</Filter>
    </ClCompile>
    <ClCompile Include="audio\audio_manager.cpp">
      <Filter>Source Files</Filter>
    </ClCompile>
    <ClCompile Include="audio\wav_loader.cpp">
      <Filter>Source Files</Filter>
    </ClCompile>
    <ClCompile Include="audio\audio_source.cpp">
      <Filter>Source Files</Filter>
    </ClCompile>
    <ClCompile Include="audio\audio_control.cpp">
      <Filter>Source Files</Filter>
    </ClCompile>
    <ClCompile Include="rendering\camera\ortho_camera.cpp">
      <Filter>Source Files</Filter>
    </ClCompile>
    <ClCompile Include="rendering\framebuffer.cpp">
      <Filter>Source Files</Filter>
    </ClCompile>
    <ClCompile Include="control.cpp">
      <Filter>Source Files</Filter>
    </ClCompile>
    <ClCompile Include="util\xml\sax_parser.cpp">
      <Filter>Source Files</Filter>
    </ClCompile>
    <ClCompile Include="animation\animation.cpp">
      <Filter>Source Files</Filter>
    </ClCompile>
    <ClCompile Include="animation\bone.cpp">
      <Filter>Source Files</Filter>
    </ClCompile>
    <ClCompile Include="animation\keyframe.cpp">
      <Filter>Source Files</Filter>
    </ClCompile>
    <ClCompile Include="animation\animation_track.cpp">
      <Filter>Source Files</Filter>
    </ClCompile>
    <ClCompile Include="asset\apxloader\apx_loader.cpp">
      <Filter>Source Files</Filter>
    </ClCompile>
    <ClCompile Include="asset\ogreloader\ogre_loader.cpp">
      <Filter>Source Files</Filter>
    </ClCompile>
    <ClCompile Include="animation\skeleton.cpp">
      <Filter>Source Files</Filter>
    </ClCompile>
    <ClCompile Include="asset\ogreloader\ogre_skeleton_loader.cpp">
      <Filter>Source Files</Filter>
    </ClCompile>
    <ClCompile Include="rendering\shader_manager.cpp">
      <Filter>Source Files</Filter>
    </ClCompile>
    <ClCompile Include="rendering\shaders\lighting_shader.cpp">
      <Filter>Source Files</Filter>
    </ClCompile>
    <ClCompile Include="animation\skeleton_control.cpp">
      <Filter>Source Files</Filter>
    </ClCompile>
    <ClCompile Include="math\bounding_box.cpp">
      <Filter>Source Files</Filter>
    </ClCompile>
    <ClCompile Include="rendering\shadow\shadow_mapping.cpp">
      <Filter>Source Files</Filter>
    </ClCompile>
    <ClCompile Include="rendering\environment.cpp">
      <Filter>Source Files</Filter>
    </ClCompile>
    <ClCompile Include="rendering\skydome\skydome.cpp">
      <Filter>Source Files</Filter>
    </ClCompile>
    <ClCompile Include="rendering\skydome\skydome_shader.cpp">
      <Filter>Source Files</Filter>
    </ClCompile>
    <ClCompile Include="rendering\lights\directional_light.cpp">
      <Filter>Source Files</Filter>
    </ClCompile>
    <ClCompile Include="util\mesh_factory.cpp">
      <Filter>Source Files</Filter>
    </ClCompile>
    <ClCompile Include="rendering\skydome\clouds_shader.cpp">
      <Filter>Source Files</Filter>
    </ClCompile>
    <ClCompile Include="rendering\shaders\post_shader.cpp">
      <Filter>Source Files</Filter>
    </ClCompile>
    <ClCompile Include="math\frustum.cpp">
      <Filter>Source Files</Filter>
    </ClCompile>
    <ClCompile Include="rendering\shaders\post\gamma_correct.cpp">
      <Filter>Source Files</Filter>
    </ClCompile>
    <ClCompile Include="rendering\shadow\pssm_shadow_mapping.cpp">
      <Filter>Source Files</Filter>
    </ClCompile>
  </ItemGroup>
</Project>